
Microsoft Visual Studio Solution File, Format Version 12.00
# Visual Studio Version 16
VisualStudioVersion = 16.0.31019.35
MinimumVisualStudioVersion = 10.0.40219.1
Project("{9A19103F-16F7-4668-BE54-9A1E7A4F7556}") = "WebApplication", "WebApplication.csproj", "{9624CC4F-B2C3-4CCF-B2B3-F9BA1CC69F00}"
EndProject
Global
	GlobalSection(SolutionConfigurationPlatforms) = preSolution
		Debug|Any CPU = Debug|Any CPU
		Release|Any CPU = Release|Any CPU
	EndGlobalSection
	GlobalSection(ProjectConfigurationPlatforms) = postSolution
		{9624CC4F-B2C3-4CCF-B2B3-F9BA1CC69F00}.Debug|Any CPU.ActiveCfg = Debug|Any CPU
		{9624CC4F-B2C3-4CCF-B2B3-F9BA1CC69F00}.Debug|Any CPU.Build.0 = Debug|Any CPU
		{9624CC4F-B2C3-4CCF-B2B3-F9BA1CC69F00}.Release|Any CPU.ActiveCfg = Release|Any CPU
		{9624CC4F-B2C3-4CCF-B2B3-F9BA1CC69F00}.Release|Any CPU.Build.0 = Release|Any CPU
	EndGlobalSection
	GlobalSection(SolutionProperties) = preSolution
		HideSolutionNode = FALSE
	EndGlobalSection
	GlobalSection(ExtensibilityGlobals) = postSolution
		SolutionGuid = {2B98C6EC-0B91-4F70-BD8C-8FEB091E891D}
	EndGlobalSection
EndGlobal
